
Microsoft Visual Studio Solution File, Format Version 12.00
# Visual Studio Version 16
VisualStudioVersion = 16.0.29009.5
MinimumVisualStudioVersion = 10.0.40219.1
Project("{2150E333-8FDC-42A3-9474-1A3956D46DE8}") = "1. Apresentacao", "1. Apresentacao", "{4D3BF20C-DFF7-4F2C-9E0C-F87D315633E4}"
EndProject
Project("{2150E333-8FDC-42A3-9474-1A3956D46DE8}") = "2. Servicos", "2. Servicos", "{6D323AA4-CF17-4E9D-8FE5-54648780DB76}"
EndProject
Project("{2150E333-8FDC-42A3-9474-1A3956D46DE8}") = "3. Aplicacao", "3. Aplicacao", "{EE5C79E4-2D9F-41D3-BF4E-D55872E289EB}"
EndProject
Project("{2150E333-8FDC-42A3-9474-1A3956D46DE8}") = "4. Dominio", "4. Dominio", "{6DD5DB44-76EA-4897-B1BF-B6BECD262F49}"
EndProject
Project("{2150E333-8FDC-42A3-9474-1A3956D46DE8}") = "5. Infraestrutura", "5. Infraestrutura", "{A6712551-05A9-4CA9-929D-1DF9C0FB5002}"
EndProject
Project("{2150E333-8FDC-42A3-9474-1A3956D46DE8}") = "5.2 Persistencia", "5.2 Persistencia", "{3CA3F4AA-BDFC-4247-A569-37053A6C933E}"
EndProject
Project("{2150E333-8FDC-42A3-9474-1A3956D46DE8}") = "5.1 Transversal", "5.1 Transversal", "{138E6861-0168-4630-BC7D-DB6C60D53A48}"
EndProject
Project("{FAE04EC0-301F-11D3-BF4B-00C04F79EFBC}") = "UNIFAFIBE.TCC.4Sales.MVC", "UNIFAFIBE.TCC.4Sales.MVC\UNIFAFIBE.TCC.4Sales.MVC.csproj", "{E7D8E407-88B2-4DF5-B5C8-8462F1543A23}"
EndProject
Project("{FAE04EC0-301F-11D3-BF4B-00C04F79EFBC}") = "UNIFAFIBE.TCC.4Sales.Aplicacao", "UNIFAFIBE.TCC.4Sales.Aplicacao\UNIFAFIBE.TCC.4Sales.Aplicacao.csproj", "{8D3BA9E5-6361-4148-BEF1-F2C126386EC3}"
EndProject
Project("{FAE04EC0-301F-11D3-BF4B-00C04F79EFBC}") = "UNIFAFIBE.TCC.4Sales.Dominio", "UNIFAFIBE.TCC.4Sales.Dominio\UNIFAFIBE.TCC.4Sales.Dominio.csproj", "{A75CFAA7-F774-441F-B7AF-B23238F7A79F}"
EndProject
Project("{FAE04EC0-301F-11D3-BF4B-00C04F79EFBC}") = "UNIFAFIBE.TCC.4Sales.Persistencia", "UNIFAFIBE.TCC.4Sales.Persistencia\UNIFAFIBE.TCC.4Sales.Persistencia.csproj", "{BE1227E4-A01F-4007-A07E-46CEADE76508}"
EndProject
Project("{2150E333-8FDC-42A3-9474-1A3956D46DE8}") = "5.3 Helpers", "5.3 Helpers", "{E64024FA-7708-4EAA-9429-171C8315FA5C}"
EndProject
Project("{FAE04EC0-301F-11D3-BF4B-00C04F79EFBC}") = "UNIFAFIBE.TCC.4Sales.Infra.Helpers", "UNIFAFIBE.TCC.4Sales.Infra.Helpers\UNIFAFIBE.TCC.4Sales.Infra.Helpers.csproj", "{0FE1DFC7-6303-4DD2-88A9-DC80B20CFB48}"
EndProject
Project("{FAE04EC0-301F-11D3-BF4B-00C04F79EFBC}") = "UNIFAFIBE.TCC.4Sales.Transversal", "UNIFAFIBE.TCC.4Sales.Transversal\UNIFAFIBE.TCC.4Sales.Transversal.csproj", "{DC676AD7-DB76-4A3C-B8E0-5BD80FAEBD8D}"
EndProject
Global
	GlobalSection(SolutionConfigurationPlatforms) = preSolution
		Debug|Any CPU = Debug|Any CPU
		Release|Any CPU = Release|Any CPU
	EndGlobalSection
	GlobalSection(ProjectConfigurationPlatforms) = postSolution
		{E7D8E407-88B2-4DF5-B5C8-8462F1543A23}.Debug|Any CPU.ActiveCfg = Debug|Any CPU
		{E7D8E407-88B2-4DF5-B5C8-8462F1543A23}.Debug|Any CPU.Build.0 = Debug|Any CPU
		{E7D8E407-88B2-4DF5-B5C8-8462F1543A23}.Release|Any CPU.ActiveCfg = Release|Any CPU
		{E7D8E407-88B2-4DF5-B5C8-8462F1543A23}.Release|Any CPU.Build.0 = Release|Any CPU
		{8D3BA9E5-6361-4148-BEF1-F2C126386EC3}.Debug|Any CPU.ActiveCfg = Debug|Any CPU
		{8D3BA9E5-6361-4148-BEF1-F2C126386EC3}.Debug|Any CPU.Build.0 = Debug|Any CPU
		{8D3BA9E5-6361-4148-BEF1-F2C126386EC3}.Release|Any CPU.ActiveCfg = Release|Any CPU
		{8D3BA9E5-6361-4148-BEF1-F2C126386EC3}.Release|Any CPU.Build.0 = Release|Any CPU
		{A75CFAA7-F774-441F-B7AF-B23238F7A79F}.Debug|Any CPU.ActiveCfg = Debug|Any CPU
		{A75CFAA7-F774-441F-B7AF-B23238F7A79F}.Debug|Any CPU.Build.0 = Debug|Any CPU
		{A75CFAA7-F774-441F-B7AF-B23238F7A79F}.Release|Any CPU.ActiveCfg = Release|Any CPU
		{A75CFAA7-F774-441F-B7AF-B23238F7A79F}.Release|Any CPU.Build.0 = Release|Any CPU
		{BE1227E4-A01F-4007-A07E-46CEADE76508}.Debug|Any CPU.ActiveCfg = Debug|Any CPU
		{BE1227E4-A01F-4007-A07E-46CEADE76508}.Debug|Any CPU.Build.0 = Debug|Any CPU
		{BE1227E4-A01F-4007-A07E-46CEADE76508}.Release|Any CPU.ActiveCfg = Release|Any CPU
		{BE1227E4-A01F-4007-A07E-46CEADE76508}.Release|Any CPU.Build.0 = Release|Any CPU
		{0FE1DFC7-6303-4DD2-88A9-DC80B20CFB48}.Debug|Any CPU.ActiveCfg = Debug|Any CPU
		{0FE1DFC7-6303-4DD2-88A9-DC80B20CFB48}.Debug|Any CPU.Build.0 = Debug|Any CPU
		{0FE1DFC7-6303-4DD2-88A9-DC80B20CFB48}.Release|Any CPU.ActiveCfg = Release|Any CPU
		{0FE1DFC7-6303-4DD2-88A9-DC80B20CFB48}.Release|Any CPU.Build.0 = Release|Any CPU
		{DC676AD7-DB76-4A3C-B8E0-5BD80FAEBD8D}.Debug|Any CPU.ActiveCfg = Debug|Any CPU
		{DC676AD7-DB76-4A3C-B8E0-5BD80FAEBD8D}.Debug|Any CPU.Build.0 = Debug|Any CPU
		{DC676AD7-DB76-4A3C-B8E0-5BD80FAEBD8D}.Release|Any CPU.ActiveCfg = Release|Any CPU
		{DC676AD7-DB76-4A3C-B8E0-5BD80FAEBD8D}.Release|Any CPU.Build.0 = Release|Any CPU
	EndGlobalSection
	GlobalSection(SolutionProperties) = preSolution
		HideSolutionNode = FALSE
	EndGlobalSection
	GlobalSection(NestedProjects) = preSolution
		{3CA3F4AA-BDFC-4247-A569-37053A6C933E} = {A6712551-05A9-4CA9-929D-1DF9C0FB5002}
		{138E6861-0168-4630-BC7D-DB6C60D53A48} = {A6712551-05A9-4CA9-929D-1DF9C0FB5002}
		{E7D8E407-88B2-4DF5-B5C8-8462F1543A23} = {4D3BF20C-DFF7-4F2C-9E0C-F87D315633E4}
		{8D3BA9E5-6361-4148-BEF1-F2C126386EC3} = {EE5C79E4-2D9F-41D3-BF4E-D55872E289EB}
		{A75CFAA7-F774-441F-B7AF-B23238F7A79F} = {6DD5DB44-76EA-4897-B1BF-B6BECD262F49}
		{BE1227E4-A01F-4007-A07E-46CEADE76508} = {3CA3F4AA-BDFC-4247-A569-37053A6C933E}
		{E64024FA-7708-4EAA-9429-171C8315FA5C} = {A6712551-05A9-4CA9-929D-1DF9C0FB5002}
		{0FE1DFC7-6303-4DD2-88A9-DC80B20CFB48} = {E64024FA-7708-4EAA-9429-171C8315FA5C}
		{DC676AD7-DB76-4A3C-B8E0-5BD80FAEBD8D} = {138E6861-0168-4630-BC7D-DB6C60D53A48}
	EndGlobalSection
	GlobalSection(ExtensibilityGlobals) = postSolution
		SolutionGuid = {9692EC59-6A23-4071-B508-65FC9ADEA2E1}
	EndGlobalSection
EndGlobal
